
Microsoft Visual Studio Solution File, Format Version 12.00
# Visual Studio Version 17
VisualStudioVersion = 17.7.34031.279
MinimumVisualStudioVersion = 10.0.40219.1
Project("{FAE04EC0-301F-11D3-BF4B-00C04F79EFBC}") = "Lab3.4_Tyagaev", "Lab3.4_Tyagaev\Lab3.4_Tyagaev.csproj", "{02478027-6D3A-4FF5-8BF6-64714F657A95}"
EndProject
Global
	GlobalSection(SolutionConfigurationPlatforms) = preSolution
		Debug|Any CPU = Debug|Any CPU
		Release|Any CPU = Release|Any CPU
	EndGlobalSection
	GlobalSection(ProjectConfigurationPlatforms) = postSolution
		{02478027-6D3A-4FF5-8BF6-64714F657A95}.Debug|Any CPU.ActiveCfg = Debug|Any CPU
		{02478027-6D3A-4FF5-8BF6-64714F657A95}.Debug|Any CPU.Build.0 = Debug|Any CPU
		{02478027-6D3A-4FF5-8BF6-64714F657A95}.Release|Any CPU.ActiveCfg = Release|Any CPU
		{02478027-6D3A-4FF5-8BF6-64714F657A95}.Release|Any CPU.Build.0 = Release|Any CPU
	EndGlobalSection
	GlobalSection(SolutionProperties) = preSolution
		HideSolutionNode = FALSE
	EndGlobalSection
	GlobalSection(ExtensibilityGlobals) = postSolution
		SolutionGuid = {BE357FA1-BF20-44A8-8054-7B06AC270727}
	EndGlobalSection
EndGlobal
